
Microsoft Visual Studio Solution File, Format Version 12.00
# Visual Studio Version 17
VisualStudioVersion = 17.6.33829.357
MinimumVisualStudioVersion = 10.0.40219.1
Project("{FAE04EC0-301F-11D3-BF4B-00C04F79EFBC}") = "FinanceManagementSystem", "FinanceManagementSystem\FinanceManagementSystem.csproj", "{B82340D3-D9CC-4AB8-B3A1-5C01299EB71B}"
EndProject
Global
	GlobalSection(SolutionConfigurationPlatforms) = preSolution
		Debug|Any CPU = Debug|Any CPU
		Release|Any CPU = Release|Any CPU
	EndGlobalSection
	GlobalSection(ProjectConfigurationPlatforms) = postSolution
		{B82340D3-D9CC-4AB8-B3A1-5C01299EB71B}.Debug|Any CPU.ActiveCfg = Debug|Any CPU
		{B82340D3-D9CC-4AB8-B3A1-5C01299EB71B}.Debug|Any CPU.Build.0 = Debug|Any CPU
		{B82340D3-D9CC-4AB8-B3A1-5C01299EB71B}.Release|Any CPU.ActiveCfg = Release|Any CPU
		{B82340D3-D9CC-4AB8-B3A1-5C01299EB71B}.Release|Any CPU.Build.0 = Release|Any CPU
	EndGlobalSection
	GlobalSection(SolutionProperties) = preSolution
		HideSolutionNode = FALSE
	EndGlobalSection
	GlobalSection(ExtensibilityGlobals) = postSolution
		SolutionGuid = {9A1D268C-28F8-49B5-89D5-8D499BCBE59A}
	EndGlobalSection
EndGlobal
